
Microsoft Visual Studio Solution File, Format Version 12.00
# Visual Studio 15
Project("{FAE04EC0-301F-11D3-BF4B-00C04F79EFBC}") = "Assembly-CSharp", "Assembly-CSharp.csproj", "{D0DB4BA3-EA54-02BB-0BE2-30939DC058F3}"
EndProject
Project("{FAE04EC0-301F-11D3-BF4B-00C04F79EFBC}") = "Assembly-CSharp-firstpass", "Assembly-CSharp-firstpass.csproj", "{1A194C8E-238A-44E1-4B73-AE6F0E714007}"
EndProject
Project("{FAE04EC0-301F-11D3-BF4B-00C04F79EFBC}") = "Assembly-CSharp-Editor-firstpass", "Assembly-CSharp-Editor-firstpass.csproj", "{22D97B6C-26B8-2E28-468E-B28C70597885}"
EndProject
Global
	GlobalSection(SolutionConfigurationPlatforms) = preSolution
		Debug|Any CPU = Debug|Any CPU
		Release|Any CPU = Release|Any CPU
	EndGlobalSection
	GlobalSection(ProjectConfigurationPlatforms) = postSolution
		{D0DB4BA3-EA54-02BB-0BE2-30939DC058F3}.Debug|Any CPU.ActiveCfg = Debug|Any CPU
		{D0DB4BA3-EA54-02BB-0BE2-30939DC058F3}.Debug|Any CPU.Build.0 = Debug|Any CPU
		{D0DB4BA3-EA54-02BB-0BE2-30939DC058F3}.Release|Any CPU.ActiveCfg = Release|Any CPU
		{D0DB4BA3-EA54-02BB-0BE2-30939DC058F3}.Release|Any CPU.Build.0 = Release|Any CPU
		{1A194C8E-238A-44E1-4B73-AE6F0E714007}.Debug|Any CPU.ActiveCfg = Debug|Any CPU
		{1A194C8E-238A-44E1-4B73-AE6F0E714007}.Debug|Any CPU.Build.0 = Debug|Any CPU
		{1A194C8E-238A-44E1-4B73-AE6F0E714007}.Release|Any CPU.ActiveCfg = Release|Any CPU
		{1A194C8E-238A-44E1-4B73-AE6F0E714007}.Release|Any CPU.Build.0 = Release|Any CPU
		{22D97B6C-26B8-2E28-468E-B28C70597885}.Debug|Any CPU.ActiveCfg = Debug|Any CPU
		{22D97B6C-26B8-2E28-468E-B28C70597885}.Debug|Any CPU.Build.0 = Debug|Any CPU
		{22D97B6C-26B8-2E28-468E-B28C70597885}.Release|Any CPU.ActiveCfg = Release|Any CPU
		{22D97B6C-26B8-2E28-468E-B28C70597885}.Release|Any CPU.Build.0 = Release|Any CPU
	EndGlobalSection
	GlobalSection(SolutionProperties) = preSolution
		HideSolutionNode = FALSE
	EndGlobalSection
EndGlobal
