
Microsoft Visual Studio Solution File, Format Version 12.00
# Visual Studio 15
Project("{FAE04EC0-301F-11D3-BF4B-00C04F79EFBC}") = "Assembly-CSharp", "Assembly-CSharp.csproj", "{E7A06A4C-23EC-1848-5872-6AAAB0F2E1AF}"
EndProject
Project("{FAE04EC0-301F-11D3-BF4B-00C04F79EFBC}") = "Assembly-CSharp-firstpass", "Assembly-CSharp-firstpass.csproj", "{E19449B6-8295-155E-23FD-D583ECB672B2}"
EndProject
Project("{FAE04EC0-301F-11D3-BF4B-00C04F79EFBC}") = "Assembly-CSharp-Editor-firstpass", "Assembly-CSharp-Editor-firstpass.csproj", "{742ACC17-944B-8A95-FDD6-6FDCCD2D07CD}"
EndProject
Global
	GlobalSection(SolutionConfigurationPlatforms) = preSolution
		Debug|Any CPU = Debug|Any CPU
		Release|Any CPU = Release|Any CPU
	EndGlobalSection
	GlobalSection(ProjectConfigurationPlatforms) = postSolution
		{E7A06A4C-23EC-1848-5872-6AAAB0F2E1AF}.Debug|Any CPU.ActiveCfg = Debug|Any CPU
		{E7A06A4C-23EC-1848-5872-6AAAB0F2E1AF}.Debug|Any CPU.Build.0 = Debug|Any CPU
		{E7A06A4C-23EC-1848-5872-6AAAB0F2E1AF}.Release|Any CPU.ActiveCfg = Release|Any CPU
		{E7A06A4C-23EC-1848-5872-6AAAB0F2E1AF}.Release|Any CPU.Build.0 = Release|Any CPU
		{E19449B6-8295-155E-23FD-D583ECB672B2}.Debug|Any CPU.ActiveCfg = Debug|Any CPU
		{E19449B6-8295-155E-23FD-D583ECB672B2}.Debug|Any CPU.Build.0 = Debug|Any CPU
		{E19449B6-8295-155E-23FD-D583ECB672B2}.Release|Any CPU.ActiveCfg = Release|Any CPU
		{E19449B6-8295-155E-23FD-D583ECB672B2}.Release|Any CPU.Build.0 = Release|Any CPU
		{742ACC17-944B-8A95-FDD6-6FDCCD2D07CD}.Debug|Any CPU.ActiveCfg = Debug|Any CPU
		{742ACC17-944B-8A95-FDD6-6FDCCD2D07CD}.Debug|Any CPU.Build.0 = Debug|Any CPU
		{742ACC17-944B-8A95-FDD6-6FDCCD2D07CD}.Release|Any CPU.ActiveCfg = Release|Any CPU
		{742ACC17-944B-8A95-FDD6-6FDCCD2D07CD}.Release|Any CPU.Build.0 = Release|Any CPU
	EndGlobalSection
	GlobalSection(SolutionProperties) = preSolution
		HideSolutionNode = FALSE
	EndGlobalSection
EndGlobal
